
Microsoft Visual Studio Solution File, Format Version 12.00
# Visual Studio Version 16
VisualStudioVersion = 16.0.29215.179
MinimumVisualStudioVersion = 10.0.40219.1
Project("{F14B399A-7131-4C87-9E4B-1186C45EF12D}") = "VAT Reports", "VAT Reports\VAT Reports.rptproj", "{082B94B2-90A2-406B-9B9B-F9F479BC344C}"
EndProject
Project("{F14B399A-7131-4C87-9E4B-1186C45EF12D}") = "Customer Documents", "Customer Documents\Customer Documents.rptproj", "{04D51279-C16D-468E-892A-A0AC8CDF5AAA}"
EndProject
Project("{F14B399A-7131-4C87-9E4B-1186C45EF12D}") = "Standard Reports", "Reporting Suite\Standard Reports.rptproj", "{A28DFE1A-A262-4439-985D-A6B292C0EB10}"
EndProject
Project("{F14B399A-7131-4C87-9E4B-1186C45EF12D}") = "Budget Holders", "Budget Holders\Budget Holders.rptproj", "{3F367E83-770A-451B-A74A-36515E3874C6}"
EndProject
Project("{F14B399A-7131-4C87-9E4B-1186C45EF12D}") = "Sub Reports", "Sub Reports\Sub Reports.rptproj", "{32828AAE-2267-419D-A8F5-11BBD322D019}"
EndProject
Project("{F14B399A-7131-4C87-9E4B-1186C45EF12D}") = "Extension Reports", "Hook Reports\Extension Reports.rptproj", "{F0E030D3-1BF3-46BB-9138-B1EEEAFE53EE}"
EndProject
Project("{F14B399A-7131-4C87-9E4B-1186C45EF12D}") = "Security Reports", "Security Reports\Security Reports.rptproj", "{94143ED6-DF56-4A3C-AF65-A0B663B309B9}"
EndProject
Project("{F14B399A-7131-4C87-9E4B-1186C45EF12D}") = "Academy Dashboard", "Academy Dashboard\Academy Dashboard.rptproj", "{F31D5F2A-2F24-473B-B0A0-BCD42A7E4905}"
EndProject
Project("{F14B399A-7131-4C87-9E4B-1186C45EF12D}") = "Trust Suite", "Federation Suite\Trust Suite.rptproj", "{6BF0A4BE-A06F-4A2A-8947-A8CAA33813F5}"
EndProject
Project("{F14B399A-7131-4C87-9E4B-1186C45EF12D}") = "Images", "Images\Images.rptproj", "{C02BFDC8-50CF-40DB-9E51-6D0600A6432E}"
EndProject
Project("{F14B399A-7131-4C87-9E4B-1186C45EF12D}") = "Accounting Tabs", "Accounting Tabs\Accounting Tabs.rptproj", "{FB8DFEF6-E5F7-4247-AE51-98D45C39A432}"
EndProject
Project("{F14B399A-7131-4C87-9E4B-1186C45EF12D}") = "Pre-Requisite Report", "Pre-Requisite Report\Pre-Requisite Report.rptproj", "{2F09DC68-C62C-4819-9497-E702D1928A35}"
EndProject
Project("{F14B399A-7131-4C87-9E4B-1186C45EF12D}") = "Bespoke Reports", "Bespoke Reports\Bespoke Reports.rptproj", "{59819AAB-AC52-4864-9D7F-9E216E445712}"
EndProject
Project("{F14B399A-7131-4C87-9E4B-1186C45EF12D}") = "WorkFlow Reports", "WorkFlow Reports\WorkFlow Reports\WorkFlow Reports.rptproj", "{98C30EFD-31F8-4106-BF19-A7C345DD766E}"
EndProject
Project("{F14B399A-7131-4C87-9E4B-1186C45EF12D}") = "Audit Reports", "Audit Reports\Audit Reports.rptproj", "{615D9FB2-B3B6-4770-BB6C-9D8CDA923B0E}"
EndProject
Project("{F14B399A-7131-4C87-9E4B-1186C45EF12D}") = "Scripts", "Scripts\Scripts.rptproj", "{007BC254-C9AC-4D22-9D39-495D1B04E2F3}"
EndProject
Global
	GlobalSection(SolutionConfigurationPlatforms) = preSolution
		Debug|Default = Debug|Default
		DebugLocal|Default = DebugLocal|Default
		Development|Default = Development|Default
		Release|Default = Release|Default
	EndGlobalSection
	GlobalSection(ProjectConfigurationPlatforms) = postSolution
		{082B94B2-90A2-406B-9B9B-F9F479BC344C}.Debug|Default.ActiveCfg = Release
		{082B94B2-90A2-406B-9B9B-F9F479BC344C}.Debug|Default.Build.0 = Release
		{082B94B2-90A2-406B-9B9B-F9F479BC344C}.Debug|Default.Deploy.0 = Release
		{082B94B2-90A2-406B-9B9B-F9F479BC344C}.DebugLocal|Default.ActiveCfg = Release
		{082B94B2-90A2-406B-9B9B-F9F479BC344C}.DebugLocal|Default.Build.0 = Release
		{082B94B2-90A2-406B-9B9B-F9F479BC344C}.DebugLocal|Default.Deploy.0 = Release
		{082B94B2-90A2-406B-9B9B-F9F479BC344C}.Development|Default.ActiveCfg = DebugLocal
		{082B94B2-90A2-406B-9B9B-F9F479BC344C}.Development|Default.Build.0 = DebugLocal
		{082B94B2-90A2-406B-9B9B-F9F479BC344C}.Development|Default.Deploy.0 = DebugLocal
		{082B94B2-90A2-406B-9B9B-F9F479BC344C}.Release|Default.ActiveCfg = Release
		{082B94B2-90A2-406B-9B9B-F9F479BC344C}.Release|Default.Build.0 = Release
		{082B94B2-90A2-406B-9B9B-F9F479BC344C}.Release|Default.Deploy.0 = Release
		{04D51279-C16D-468E-892A-A0AC8CDF5AAA}.Debug|Default.ActiveCfg = Release
		{04D51279-C16D-468E-892A-A0AC8CDF5AAA}.Debug|Default.Build.0 = Release
		{04D51279-C16D-468E-892A-A0AC8CDF5AAA}.Debug|Default.Deploy.0 = Release
		{04D51279-C16D-468E-892A-A0AC8CDF5AAA}.DebugLocal|Default.ActiveCfg = Release
		{04D51279-C16D-468E-892A-A0AC8CDF5AAA}.DebugLocal|Default.Build.0 = Release
		{04D51279-C16D-468E-892A-A0AC8CDF5AAA}.DebugLocal|Default.Deploy.0 = Release
		{04D51279-C16D-468E-892A-A0AC8CDF5AAA}.Development|Default.ActiveCfg = DebugLocal
		{04D51279-C16D-468E-892A-A0AC8CDF5AAA}.Development|Default.Build.0 = DebugLocal
		{04D51279-C16D-468E-892A-A0AC8CDF5AAA}.Development|Default.Deploy.0 = DebugLocal
		{04D51279-C16D-468E-892A-A0AC8CDF5AAA}.Release|Default.ActiveCfg = Release
		{04D51279-C16D-468E-892A-A0AC8CDF5AAA}.Release|Default.Build.0 = Release
		{04D51279-C16D-468E-892A-A0AC8CDF5AAA}.Release|Default.Deploy.0 = Release
		{A28DFE1A-A262-4439-985D-A6B292C0EB10}.Debug|Default.ActiveCfg = Release
		{A28DFE1A-A262-4439-985D-A6B292C0EB10}.Debug|Default.Build.0 = Release
		{A28DFE1A-A262-4439-985D-A6B292C0EB10}.Debug|Default.Deploy.0 = Release
		{A28DFE1A-A262-4439-985D-A6B292C0EB10}.DebugLocal|Default.ActiveCfg = Release
		{A28DFE1A-A262-4439-985D-A6B292C0EB10}.DebugLocal|Default.Build.0 = Release
		{A28DFE1A-A262-4439-985D-A6B292C0EB10}.DebugLocal|Default.Deploy.0 = Release
		{A28DFE1A-A262-4439-985D-A6B292C0EB10}.Development|Default.ActiveCfg = DebugLocal
		{A28DFE1A-A262-4439-985D-A6B292C0EB10}.Development|Default.Build.0 = DebugLocal
		{A28DFE1A-A262-4439-985D-A6B292C0EB10}.Development|Default.Deploy.0 = DebugLocal
		{A28DFE1A-A262-4439-985D-A6B292C0EB10}.Release|Default.ActiveCfg = Release
		{A28DFE1A-A262-4439-985D-A6B292C0EB10}.Release|Default.Build.0 = Release
		{A28DFE1A-A262-4439-985D-A6B292C0EB10}.Release|Default.Deploy.0 = Release
		{3F367E83-770A-451B-A74A-36515E3874C6}.Debug|Default.ActiveCfg = Release
		{3F367E83-770A-451B-A74A-36515E3874C6}.Debug|Default.Build.0 = Release
		{3F367E83-770A-451B-A74A-36515E3874C6}.Debug|Default.Deploy.0 = Release
		{3F367E83-770A-451B-A74A-36515E3874C6}.DebugLocal|Default.ActiveCfg = Release
		{3F367E83-770A-451B-A74A-36515E3874C6}.DebugLocal|Default.Build.0 = Release
		{3F367E83-770A-451B-A74A-36515E3874C6}.DebugLocal|Default.Deploy.0 = Release
		{3F367E83-770A-451B-A74A-36515E3874C6}.Development|Default.ActiveCfg = DebugLocal
		{3F367E83-770A-451B-A74A-36515E3874C6}.Development|Default.Build.0 = DebugLocal
		{3F367E83-770A-451B-A74A-36515E3874C6}.Development|Default.Deploy.0 = DebugLocal
		{3F367E83-770A-451B-A74A-36515E3874C6}.Release|Default.ActiveCfg = Release
		{3F367E83-770A-451B-A74A-36515E3874C6}.Release|Default.Build.0 = Release
		{3F367E83-770A-451B-A74A-36515E3874C6}.Release|Default.Deploy.0 = Release
		{32828AAE-2267-419D-A8F5-11BBD322D019}.Debug|Default.ActiveCfg = Release
		{32828AAE-2267-419D-A8F5-11BBD322D019}.Debug|Default.Build.0 = Release
		{32828AAE-2267-419D-A8F5-11BBD322D019}.Debug|Default.Deploy.0 = Release
		{32828AAE-2267-419D-A8F5-11BBD322D019}.DebugLocal|Default.ActiveCfg = Release
		{32828AAE-2267-419D-A8F5-11BBD322D019}.DebugLocal|Default.Build.0 = Release
		{32828AAE-2267-419D-A8F5-11BBD322D019}.DebugLocal|Default.Deploy.0 = Release
		{32828AAE-2267-419D-A8F5-11BBD322D019}.Development|Default.ActiveCfg = DebugLocal
		{32828AAE-2267-419D-A8F5-11BBD322D019}.Development|Default.Build.0 = DebugLocal
		{32828AAE-2267-419D-A8F5-11BBD322D019}.Development|Default.Deploy.0 = DebugLocal
		{32828AAE-2267-419D-A8F5-11BBD322D019}.Release|Default.ActiveCfg = Release
		{32828AAE-2267-419D-A8F5-11BBD322D019}.Release|Default.Build.0 = Release
		{32828AAE-2267-419D-A8F5-11BBD322D019}.Release|Default.Deploy.0 = Release
		{F0E030D3-1BF3-46BB-9138-B1EEEAFE53EE}.Debug|Default.ActiveCfg = DebugLocal
		{F0E030D3-1BF3-46BB-9138-B1EEEAFE53EE}.Debug|Default.Build.0 = DebugLocal
		{F0E030D3-1BF3-46BB-9138-B1EEEAFE53EE}.Debug|Default.Deploy.0 = DebugLocal
		{F0E030D3-1BF3-46BB-9138-B1EEEAFE53EE}.DebugLocal|Default.ActiveCfg = DebugLocal
		{F0E030D3-1BF3-46BB-9138-B1EEEAFE53EE}.DebugLocal|Default.Build.0 = DebugLocal
		{F0E030D3-1BF3-46BB-9138-B1EEEAFE53EE}.DebugLocal|Default.Deploy.0 = DebugLocal
		{F0E030D3-1BF3-46BB-9138-B1EEEAFE53EE}.Development|Default.ActiveCfg = DebugLocal
		{F0E030D3-1BF3-46BB-9138-B1EEEAFE53EE}.Development|Default.Build.0 = DebugLocal
		{F0E030D3-1BF3-46BB-9138-B1EEEAFE53EE}.Development|Default.Deploy.0 = DebugLocal
		{F0E030D3-1BF3-46BB-9138-B1EEEAFE53EE}.Release|Default.ActiveCfg = Release
		{F0E030D3-1BF3-46BB-9138-B1EEEAFE53EE}.Release|Default.Build.0 = Release
		{F0E030D3-1BF3-46BB-9138-B1EEEAFE53EE}.Release|Default.Deploy.0 = Release
		{94143ED6-DF56-4A3C-AF65-A0B663B309B9}.Debug|Default.ActiveCfg = DebugLocal
		{94143ED6-DF56-4A3C-AF65-A0B663B309B9}.Debug|Default.Build.0 = DebugLocal
		{94143ED6-DF56-4A3C-AF65-A0B663B309B9}.Debug|Default.Deploy.0 = DebugLocal
		{94143ED6-DF56-4A3C-AF65-A0B663B309B9}.DebugLocal|Default.ActiveCfg = DebugLocal
		{94143ED6-DF56-4A3C-AF65-A0B663B309B9}.DebugLocal|Default.Build.0 = DebugLocal
		{94143ED6-DF56-4A3C-AF65-A0B663B309B9}.DebugLocal|Default.Deploy.0 = DebugLocal
		{94143ED6-DF56-4A3C-AF65-A0B663B309B9}.Development|Default.ActiveCfg = DebugLocal
		{94143ED6-DF56-4A3C-AF65-A0B663B309B9}.Development|Default.Build.0 = DebugLocal
		{94143ED6-DF56-4A3C-AF65-A0B663B309B9}.Development|Default.Deploy.0 = DebugLocal
		{94143ED6-DF56-4A3C-AF65-A0B663B309B9}.Release|Default.ActiveCfg = Release
		{94143ED6-DF56-4A3C-AF65-A0B663B309B9}.Release|Default.Build.0 = Release
		{94143ED6-DF56-4A3C-AF65-A0B663B309B9}.Release|Default.Deploy.0 = Release
		{F31D5F2A-2F24-473B-B0A0-BCD42A7E4905}.Debug|Default.ActiveCfg = DebugLocal
		{F31D5F2A-2F24-473B-B0A0-BCD42A7E4905}.Debug|Default.Build.0 = DebugLocal
		{F31D5F2A-2F24-473B-B0A0-BCD42A7E4905}.Debug|Default.Deploy.0 = DebugLocal
		{F31D5F2A-2F24-473B-B0A0-BCD42A7E4905}.DebugLocal|Default.ActiveCfg = DebugLocal
		{F31D5F2A-2F24-473B-B0A0-BCD42A7E4905}.DebugLocal|Default.Build.0 = DebugLocal
		{F31D5F2A-2F24-473B-B0A0-BCD42A7E4905}.Development|Default.ActiveCfg = DebugLocal
		{F31D5F2A-2F24-473B-B0A0-BCD42A7E4905}.Development|Default.Build.0 = DebugLocal
		{F31D5F2A-2F24-473B-B0A0-BCD42A7E4905}.Development|Default.Deploy.0 = DebugLocal
		{F31D5F2A-2F24-473B-B0A0-BCD42A7E4905}.Release|Default.ActiveCfg = Release
		{F31D5F2A-2F24-473B-B0A0-BCD42A7E4905}.Release|Default.Build.0 = Release
		{F31D5F2A-2F24-473B-B0A0-BCD42A7E4905}.Release|Default.Deploy.0 = Release
		{6BF0A4BE-A06F-4A2A-8947-A8CAA33813F5}.Debug|Default.ActiveCfg = DebugLocal
		{6BF0A4BE-A06F-4A2A-8947-A8CAA33813F5}.Debug|Default.Build.0 = DebugLocal
		{6BF0A4BE-A06F-4A2A-8947-A8CAA33813F5}.DebugLocal|Default.ActiveCfg = DebugLocal
		{6BF0A4BE-A06F-4A2A-8947-A8CAA33813F5}.DebugLocal|Default.Build.0 = DebugLocal
		{6BF0A4BE-A06F-4A2A-8947-A8CAA33813F5}.Development|Default.ActiveCfg = DebugLocal
		{6BF0A4BE-A06F-4A2A-8947-A8CAA33813F5}.Development|Default.Build.0 = DebugLocal
		{6BF0A4BE-A06F-4A2A-8947-A8CAA33813F5}.Development|Default.Deploy.0 = DebugLocal
		{6BF0A4BE-A06F-4A2A-8947-A8CAA33813F5}.Release|Default.ActiveCfg = Release
		{6BF0A4BE-A06F-4A2A-8947-A8CAA33813F5}.Release|Default.Build.0 = Release
		{6BF0A4BE-A06F-4A2A-8947-A8CAA33813F5}.Release|Default.Deploy.0 = Release
		{C02BFDC8-50CF-40DB-9E51-6D0600A6432E}.Debug|Default.ActiveCfg = DebugLocal
		{C02BFDC8-50CF-40DB-9E51-6D0600A6432E}.Debug|Default.Build.0 = DebugLocal
		{C02BFDC8-50CF-40DB-9E51-6D0600A6432E}.Debug|Default.Deploy.0 = DebugLocal
		{C02BFDC8-50CF-40DB-9E51-6D0600A6432E}.DebugLocal|Default.ActiveCfg = DebugLocal
		{C02BFDC8-50CF-40DB-9E51-6D0600A6432E}.DebugLocal|Default.Build.0 = DebugLocal
		{C02BFDC8-50CF-40DB-9E51-6D0600A6432E}.Development|Default.ActiveCfg = DebugLocal
		{C02BFDC8-50CF-40DB-9E51-6D0600A6432E}.Development|Default.Build.0 = DebugLocal
		{C02BFDC8-50CF-40DB-9E51-6D0600A6432E}.Development|Default.Deploy.0 = DebugLocal
		{C02BFDC8-50CF-40DB-9E51-6D0600A6432E}.Release|Default.ActiveCfg = Release
		{C02BFDC8-50CF-40DB-9E51-6D0600A6432E}.Release|Default.Build.0 = Release
		{C02BFDC8-50CF-40DB-9E51-6D0600A6432E}.Release|Default.Deploy.0 = Release
		{FB8DFEF6-E5F7-4247-AE51-98D45C39A432}.Debug|Default.ActiveCfg = DebugLocal
		{FB8DFEF6-E5F7-4247-AE51-98D45C39A432}.Debug|Default.Build.0 = DebugLocal
		{FB8DFEF6-E5F7-4247-AE51-98D45C39A432}.Debug|Default.Deploy.0 = DebugLocal
		{FB8DFEF6-E5F7-4247-AE51-98D45C39A432}.DebugLocal|Default.ActiveCfg = DebugLocal
		{FB8DFEF6-E5F7-4247-AE51-98D45C39A432}.DebugLocal|Default.Build.0 = DebugLocal
		{FB8DFEF6-E5F7-4247-AE51-98D45C39A432}.Development|Default.ActiveCfg = DebugLocal
		{FB8DFEF6-E5F7-4247-AE51-98D45C39A432}.Development|Default.Build.0 = DebugLocal
		{FB8DFEF6-E5F7-4247-AE51-98D45C39A432}.Development|Default.Deploy.0 = DebugLocal
		{FB8DFEF6-E5F7-4247-AE51-98D45C39A432}.Release|Default.ActiveCfg = Release
		{FB8DFEF6-E5F7-4247-AE51-98D45C39A432}.Release|Default.Build.0 = Release
		{FB8DFEF6-E5F7-4247-AE51-98D45C39A432}.Release|Default.Deploy.0 = Release
		{2F09DC68-C62C-4819-9497-E702D1928A35}.Debug|Default.ActiveCfg = DebugLocal
		{2F09DC68-C62C-4819-9497-E702D1928A35}.Debug|Default.Build.0 = DebugLocal
		{2F09DC68-C62C-4819-9497-E702D1928A35}.Debug|Default.Deploy.0 = DebugLocal
		{2F09DC68-C62C-4819-9497-E702D1928A35}.DebugLocal|Default.ActiveCfg = DebugLocal
		{2F09DC68-C62C-4819-9497-E702D1928A35}.DebugLocal|Default.Build.0 = DebugLocal
		{2F09DC68-C62C-4819-9497-E702D1928A35}.Development|Default.ActiveCfg = DebugLocal
		{2F09DC68-C62C-4819-9497-E702D1928A35}.Development|Default.Build.0 = DebugLocal
		{2F09DC68-C62C-4819-9497-E702D1928A35}.Development|Default.Deploy.0 = DebugLocal
		{2F09DC68-C62C-4819-9497-E702D1928A35}.Release|Default.ActiveCfg = Release
		{2F09DC68-C62C-4819-9497-E702D1928A35}.Release|Default.Build.0 = Release
		{59819AAB-AC52-4864-9D7F-9E216E445712}.Debug|Default.ActiveCfg = DebugLocal
		{59819AAB-AC52-4864-9D7F-9E216E445712}.Debug|Default.Build.0 = DebugLocal
		{59819AAB-AC52-4864-9D7F-9E216E445712}.Debug|Default.Deploy.0 = DebugLocal
		{59819AAB-AC52-4864-9D7F-9E216E445712}.DebugLocal|Default.ActiveCfg = DebugLocal
		{59819AAB-AC52-4864-9D7F-9E216E445712}.DebugLocal|Default.Build.0 = DebugLocal
		{59819AAB-AC52-4864-9D7F-9E216E445712}.Development|Default.ActiveCfg = DebugLocal
		{59819AAB-AC52-4864-9D7F-9E216E445712}.Development|Default.Build.0 = DebugLocal
		{59819AAB-AC52-4864-9D7F-9E216E445712}.Release|Default.ActiveCfg = Release
		{59819AAB-AC52-4864-9D7F-9E216E445712}.Release|Default.Build.0 = Release
		{59819AAB-AC52-4864-9D7F-9E216E445712}.Release|Default.Deploy.0 = Release
		{98C30EFD-31F8-4106-BF19-A7C345DD766E}.Debug|Default.ActiveCfg = Debug
		{98C30EFD-31F8-4106-BF19-A7C345DD766E}.Debug|Default.Build.0 = Debug
		{98C30EFD-31F8-4106-BF19-A7C345DD766E}.Debug|Default.Deploy.0 = Debug
		{98C30EFD-31F8-4106-BF19-A7C345DD766E}.DebugLocal|Default.ActiveCfg = DebugLocal
		{98C30EFD-31F8-4106-BF19-A7C345DD766E}.DebugLocal|Default.Build.0 = DebugLocal
		{98C30EFD-31F8-4106-BF19-A7C345DD766E}.Development|Default.ActiveCfg = DebugLocal
		{98C30EFD-31F8-4106-BF19-A7C345DD766E}.Development|Default.Build.0 = DebugLocal
		{98C30EFD-31F8-4106-BF19-A7C345DD766E}.Release|Default.ActiveCfg = Release
		{98C30EFD-31F8-4106-BF19-A7C345DD766E}.Release|Default.Build.0 = Release
		{98C30EFD-31F8-4106-BF19-A7C345DD766E}.Release|Default.Deploy.0 = Release
		{615D9FB2-B3B6-4770-BB6C-9D8CDA923B0E}.Debug|Default.ActiveCfg = Debug
		{615D9FB2-B3B6-4770-BB6C-9D8CDA923B0E}.Debug|Default.Build.0 = Debug
		{615D9FB2-B3B6-4770-BB6C-9D8CDA923B0E}.Debug|Default.Deploy.0 = Debug
		{615D9FB2-B3B6-4770-BB6C-9D8CDA923B0E}.DebugLocal|Default.ActiveCfg = DebugLocal
		{615D9FB2-B3B6-4770-BB6C-9D8CDA923B0E}.DebugLocal|Default.Build.0 = DebugLocal
		{615D9FB2-B3B6-4770-BB6C-9D8CDA923B0E}.Development|Default.ActiveCfg = DebugLocal
		{615D9FB2-B3B6-4770-BB6C-9D8CDA923B0E}.Development|Default.Build.0 = DebugLocal
		{615D9FB2-B3B6-4770-BB6C-9D8CDA923B0E}.Release|Default.ActiveCfg = Release
		{615D9FB2-B3B6-4770-BB6C-9D8CDA923B0E}.Release|Default.Build.0 = Release
		{615D9FB2-B3B6-4770-BB6C-9D8CDA923B0E}.Release|Default.Deploy.0 = Release
		{007BC254-C9AC-4D22-9D39-495D1B04E2F3}.Debug|Default.ActiveCfg = Debug
		{007BC254-C9AC-4D22-9D39-495D1B04E2F3}.DebugLocal|Default.ActiveCfg = DebugLocal
		{007BC254-C9AC-4D22-9D39-495D1B04E2F3}.DebugLocal|Default.Build.0 = DebugLocal
		{007BC254-C9AC-4D22-9D39-495D1B04E2F3}.Development|Default.ActiveCfg = DebugLocal
		{007BC254-C9AC-4D22-9D39-495D1B04E2F3}.Development|Default.Build.0 = DebugLocal
		{007BC254-C9AC-4D22-9D39-495D1B04E2F3}.Release|Default.ActiveCfg = Release
		{007BC254-C9AC-4D22-9D39-495D1B04E2F3}.Release|Default.Build.0 = Release
		{007BC254-C9AC-4D22-9D39-495D1B04E2F3}.Release|Default.Deploy.0 = Release
	EndGlobalSection
	GlobalSection(SolutionProperties) = preSolution
		HideSolutionNode = FALSE
	EndGlobalSection
	GlobalSection(ExtensibilityGlobals) = postSolution
		SolutionGuid = {79519FE1-BEC1-4E88-9885-56D80B79348D}
	EndGlobalSection
	GlobalSection(TeamFoundationVersionControl) = preSolution
		SccNumberOfProjects = 17
		SccEnterpriseProvider = {4CA58AB2-18FA-4F8D-95D4-32DDF27D184C}
		SccTeamFoundationServer = http://psftfs01:8080/tfs/psfinancials
		SccProjectUniqueName0 = VAT\u0020Reports\\VAT\u0020Reports.rptproj
		SccProjectName0 = VAT\u0020Reports
		SccLocalPath0 = VAT\u0020Reports
		SccProjectUniqueName1 = Customer\u0020Documents\\Customer\u0020Documents.rptproj
		SccProjectName1 = Customer\u0020Documents
		SccLocalPath1 = Customer\u0020Documents
		SccProjectUniqueName2 = Reporting\u0020Suite\\Standard\u0020Reports.rptproj
		SccProjectName2 = Reporting\u0020Suite
		SccLocalPath2 = Reporting\u0020Suite
		SccProjectUniqueName3 = Budget\u0020Holders\\Budget\u0020Holders.rptproj
		SccProjectName3 = Budget\u0020Holders
		SccLocalPath3 = Budget\u0020Holders
		SccProjectUniqueName4 = Sub\u0020Reports\\Sub\u0020Reports.rptproj
		SccProjectName4 = Sub\u0020Reports
		SccLocalPath4 = Sub\u0020Reports
		SccProjectUniqueName5 = Hook\u0020Reports\\Extension\u0020Reports.rptproj
		SccProjectName5 = Hook\u0020Reports
		SccLocalPath5 = Hook\u0020Reports
		SccProjectUniqueName6 = Security\u0020Reports\\Security\u0020Reports.rptproj
		SccProjectName6 = Security\u0020Reports
		SccLocalPath6 = Security\u0020Reports
		SccProjectUniqueName7 = Academy\u0020Dashboard\\Academy\u0020Dashboard.rptproj
		SccProjectName7 = Academy\u0020Dashboard
		SccLocalPath7 = Academy\u0020Dashboard
		SccProjectUniqueName8 = Federation\u0020Suite\\Trust\u0020Suite.rptproj
		SccProjectName8 = Federation\u0020Suite
		SccLocalPath8 = Federation\u0020Suite
		SccProjectUniqueName9 = Images\\Images.rptproj
		SccProjectName9 = Images
		SccLocalPath9 = Images
		SccProjectUniqueName10 = Accounting\u0020Tabs\\Accounting\u0020Tabs.rptproj
		SccProjectName10 = Accounting\u0020Tabs
		SccLocalPath10 = Accounting\u0020Tabs
		SccProjectUniqueName11 = Pre-Requisite\u0020Report\\Pre-Requisite\u0020Report.rptproj
		SccProjectName11 = Pre-Requisite\u0020Report
		SccLocalPath11 = Pre-Requisite\u0020Report
		SccProjectUniqueName12 = Bespoke\u0020Reports\\Bespoke\u0020Reports.rptproj
		SccProjectName12 = Bespoke\u0020Reports
		SccLocalPath12 = Bespoke\u0020Reports
		SccProjectUniqueName13 = WorkFlow\u0020Reports\\WorkFlow\u0020Reports\\WorkFlow\u0020Reports.rptproj
		SccProjectName13 = WorkFlow\u0020Reports/WorkFlow\u0020Reports
		SccLocalPath13 = WorkFlow\u0020Reports\\WorkFlow\u0020Reports
		SccProjectUniqueName14 = Audit\u0020Reports\\Audit\u0020Reports.rptproj
		SccProjectName14 = Audit\u0020Reports
		SccLocalPath14 = Audit\u0020Reports
		SccProjectUniqueName15 = Scripts\\Scripts.rptproj
		SccProjectName15 = Scripts
		SccLocalPath15 = Scripts
		SccLocalPath16 = .
	EndGlobalSection
EndGlobal
